// !$*UTF8*$!
{
	archiveVersion = 1;
	classes = {
	};
	objectVersion = 50;
	objects = {

/* Begin PBXBuildFile section */
		AE1B56842772677A008654AE /* MIX+Instructions.swift in Sources */ = {isa = PBXBuildFile; fileRef = AE1B56832772677A008654AE /* MIX+Instructions.swift */; };
		AE77FEA627701C2B00F3AB7F /* InputDevice.swift in Sources */ = {isa = PBXBuildFile; fileRef = AE77FEA527701C2A00F3AB7F /* InputDevice.swift */; };
		AE77FEAF27705FB400F3AB7F /* mix_unit_tests.swift in Sources */ = {isa = PBXBuildFile; fileRef = AE77FEAE27705FB400F3AB7F /* mix_unit_tests.swift */; };
		AE77FEB52770F50200F3AB7F /* mix.c in Sources */ = {isa = PBXBuildFile; fileRef = AEF29330276FAE3D001BAC7B /* mix.c */; };
		AE77FEB62770F53B00F3AB7F /* MIX.swift in Sources */ = {isa = PBXBuildFile; fileRef = AEF29328276EEA2F001BAC7B /* MIX.swift */; };
		AE77FEB72770F55000F3AB7F /* mix-Bridging-Header.h in Sources */ = {isa = PBXBuildFile; fileRef = AEF2932A276EEC37001BAC7B /* mix-Bridging-Header.h */; };
		AE77FEB82770F55200F3AB7F /* mix.h in Sources */ = {isa = PBXBuildFile; fileRef = AEF2932F276FAE3D001BAC7B /* mix.h */; };
		AE77FEB92770F55600F3AB7F /* InputDevice.swift in Sources */ = {isa = PBXBuildFile; fileRef = AE77FEA527701C2A00F3AB7F /* InputDevice.swift */; };
		AE77FEBE2770F90F00F3AB7F /* ClosedRange+Count.swift in Sources */ = {isa = PBXBuildFile; fileRef = AE77FEBD2770F90F00F3AB7F /* ClosedRange+Count.swift */; };
		AE77FEC02771416900F3AB7F /* MIX+Description.swift in Sources */ = {isa = PBXBuildFile; fileRef = AE77FEBF2771416900F3AB7F /* MIX+Description.swift */; };
		AEF29322276EE9D0001BAC7B /* main.swift in Sources */ = {isa = PBXBuildFile; fileRef = AEF29321276EE9D0001BAC7B /* main.swift */; };
		AEF29329276EEA2F001BAC7B /* MIX.swift in Sources */ = {isa = PBXBuildFile; fileRef = AEF29328276EEA2F001BAC7B /* MIX.swift */; };
		AEF29331276FAE3D001BAC7B /* mix.c in Sources */ = {isa = PBXBuildFile; fileRef = AEF29330276FAE3D001BAC7B /* mix.c */; };
/* End PBXBuildFile section */

/* Begin PBXCopyFilesBuildPhase section */
		AEF2931C276EE9D0001BAC7B /* CopyFiles */ = {
			isa = PBXCopyFilesBuildPhase;
			buildActionMask = 2147483647;
			dstPath = /usr/share/man/man1/;
			dstSubfolderSpec = 0;
			files = (
			);
			runOnlyForDeploymentPostprocessing = 1;
		};
/* End PBXCopyFilesBuildPhase section */

/* Begin PBXFileReference section */
		AE1B56832772677A008654AE /* MIX+Instructions.swift */ = {isa = PBXFileReference; lastKnownFileType = sourcecode.swift; path = "MIX+Instructions.swift"; sourceTree = "<group>"; };
		AE77FEA527701C2A00F3AB7F /* InputDevice.swift */ = {isa = PBXFileReference; lastKnownFileType = sourcecode.swift; path = InputDevice.swift; sourceTree = "<group>"; };
		AE77FEAC27705FB400F3AB7F /* mix_unit_tests.xctest */ = {isa = PBXFileReference; explicitFileType = wrapper.cfbundle; includeInIndex = 0; path = mix_unit_tests.xctest; sourceTree = BUILT_PRODUCTS_DIR; };
		AE77FEAE27705FB400F3AB7F /* mix_unit_tests.swift */ = {isa = PBXFileReference; lastKnownFileType = sourcecode.swift; path = mix_unit_tests.swift; sourceTree = "<group>"; };
		AE77FEB027705FB400F3AB7F /* Info.plist */ = {isa = PBXFileReference; lastKnownFileType = text.plist.xml; path = Info.plist; sourceTree = "<group>"; };
		AE77FEBD2770F90F00F3AB7F /* ClosedRange+Count.swift */ = {isa = PBXFileReference; lastKnownFileType = sourcecode.swift; path = "ClosedRange+Count.swift"; sourceTree = "<group>"; };
		AE77FEBF2771416900F3AB7F /* MIX+Description.swift */ = {isa = PBXFileReference; lastKnownFileType = sourcecode.swift; path = "MIX+Description.swift"; sourceTree = "<group>"; };
		AEF2931E276EE9D0001BAC7B /* mix */ = {isa = PBXFileReference; explicitFileType = "compiled.mach-o.executable"; includeInIndex = 0; path = mix; sourceTree = BUILT_PRODUCTS_DIR; };
		AEF29321276EE9D0001BAC7B /* main.swift */ = {isa = PBXFileReference; lastKnownFileType = sourcecode.swift; path = main.swift; sourceTree = "<group>"; };
		AEF29328276EEA2F001BAC7B /* MIX.swift */ = {isa = PBXFileReference; lastKnownFileType = sourcecode.swift; path = MIX.swift; sourceTree = "<group>"; };
		AEF2932A276EEC37001BAC7B /* mix-Bridging-Header.h */ = {isa = PBXFileReference; lastKnownFileType = sourcecode.c.h; path = "mix-Bridging-Header.h"; sourceTree = "<group>"; };
		AEF2932F276FAE3D001BAC7B /* mix.h */ = {isa = PBXFileReference; lastKnownFileType = sourcecode.c.h; path = mix.h; sourceTree = "<group>"; };
		AEF29330276FAE3D001BAC7B /* mix.c */ = {isa = PBXFileReference; lastKnownFileType = sourcecode.c.c; path = mix.c; sourceTree = "<group>"; };
/* End PBXFileReference section */

/* Begin PBXFrameworksBuildPhase section */
		AE77FEA927705FB400F3AB7F /* Frameworks */ = {
			isa = PBXFrameworksBuildPhase;
			buildActionMask = 2147483647;
			files = (
			);
			runOnlyForDeploymentPostprocessing = 0;
		};
		AEF2931B276EE9D0001BAC7B /* Frameworks */ = {
			isa = PBXFrameworksBuildPhase;
			buildActionMask = 2147483647;
			files = (
			);
			runOnlyForDeploymentPostprocessing = 0;
		};
/* End PBXFrameworksBuildPhase section */

/* Begin PBXGroup section */
		AE4455DC276FD93400B1965F /* IO Devices */ = {
			isa = PBXGroup;
			children = (
				AE77FEA527701C2A00F3AB7F /* InputDevice.swift */,
			);
			path = "IO Devices";
			sourceTree = "<group>";
		};
		AE77FEAD27705FB400F3AB7F /* mix_unit_tests */ = {
			isa = PBXGroup;
			children = (
				AE77FEAE27705FB400F3AB7F /* mix_unit_tests.swift */,
				AE77FEB027705FB400F3AB7F /* Info.plist */,
			);
			path = mix_unit_tests;
			sourceTree = "<group>";
		};
		AE77FEBA2770F87300F3AB7F /* Utility */ = {
			isa = PBXGroup;
			children = (
				AE77FEBD2770F90F00F3AB7F /* ClosedRange+Count.swift */,
			);
			path = Utility;
			sourceTree = "<group>";
		};
		AEF29315276EE9D0001BAC7B = {
			isa = PBXGroup;
			children = (
				AEF29320276EE9D0001BAC7B /* mix */,
				AE77FEAD27705FB400F3AB7F /* mix_unit_tests */,
				AEF2931F276EE9D0001BAC7B /* Products */,
			);
			sourceTree = "<group>";
		};
		AEF2931F276EE9D0001BAC7B /* Products */ = {
			isa = PBXGroup;
			children = (
				AEF2931E276EE9D0001BAC7B /* mix */,
				AE77FEAC27705FB400F3AB7F /* mix_unit_tests.xctest */,
			);
			name = Products;
			sourceTree = "<group>";
		};
		AEF29320276EE9D0001BAC7B /* mix */ = {
			isa = PBXGroup;
			children = (
				AE77FEBA2770F87300F3AB7F /* Utility */,
				AEF2932A276EEC37001BAC7B /* mix-Bridging-Header.h */,
				AEF2932E276FAE2A001BAC7B /* MIX */,
				AEF29321276EE9D0001BAC7B /* main.swift */,
			);
			path = mix;
			sourceTree = "<group>";
		};
		AEF2932E276FAE2A001BAC7B /* MIX */ = {
			isa = PBXGroup;
			children = (
				AEF29328276EEA2F001BAC7B /* MIX.swift */,
				AE77FEBF2771416900F3AB7F /* MIX+Description.swift */,
				AE1B56832772677A008654AE /* MIX+Instructions.swift */,
				AE4455DC276FD93400B1965F /* IO Devices */,
				AEF2932F276FAE3D001BAC7B /* mix.h */,
				AEF29330276FAE3D001BAC7B /* mix.c */,
			);
			path = MIX;
			sourceTree = "<group>";
		};
/* End PBXGroup section */

/* Begin PBXNativeTarget section */
		AE77FEAB27705FB400F3AB7F /* mix_unit_tests */ = {
			isa = PBXNativeTarget;
			buildConfigurationList = AE77FEB127705FB400F3AB7F /* Build configuration list for PBXNativeTarget "mix_unit_tests" */;
			buildPhases = (
				AE77FEA827705FB400F3AB7F /* Sources */,
				AE77FEA927705FB400F3AB7F /* Frameworks */,
				AE77FEAA27705FB400F3AB7F /* Resources */,
			);
			buildRules = (
			);
			dependencies = (
			);
			name = mix_unit_tests;
			productName = mix_unit_tests;
			productReference = AE77FEAC27705FB400F3AB7F /* mix_unit_tests.xctest */;
			productType = "com.apple.product-type.bundle.ui-testing";
		};
		AEF2931D276EE9D0001BAC7B /* mix */ = {
			isa = PBXNativeTarget;
			buildConfigurationList = AEF29325276EE9D0001BAC7B /* Build configuration list for PBXNativeTarget "mix" */;
			buildPhases = (
				AEF2931A276EE9D0001BAC7B /* Sources */,
				AEF2931B276EE9D0001BAC7B /* Frameworks */,
				AEF2931C276EE9D0001BAC7B /* CopyFiles */,
			);
			buildRules = (
			);
			dependencies = (
			);
			name = mix;
			productName = mix;
			productReference = AEF2931E276EE9D0001BAC7B /* mix */;
			productType = "com.apple.product-type.tool";
		};
/* End PBXNativeTarget section */

/* Begin PBXProject section */
		AEF29316276EE9D0001BAC7B /* Project object */ = {
			isa = PBXProject;
			attributes = {
				LastSwiftUpdateCheck = 1250;
				LastUpgradeCheck = 1250;
				TargetAttributes = {
					AE77FEAB27705FB400F3AB7F = {
						CreatedOnToolsVersion = 12.5.1;
					};
					AEF2931D276EE9D0001BAC7B = {
						CreatedOnToolsVersion = 12.5.1;
						LastSwiftMigration = 1250;
					};
				};
			};
			buildConfigurationList = AEF29319276EE9D0001BAC7B /* Build configuration list for PBXProject "mix" */;
			compatibilityVersion = "Xcode 9.3";
			developmentRegion = en;
			hasScannedForEncodings = 0;
			knownRegions = (
				en,
				Base,
			);
			mainGroup = AEF29315276EE9D0001BAC7B;
			productRefGroup = AEF2931F276EE9D0001BAC7B /* Products */;
			projectDirPath = "";
			projectRoot = "";
			targets = (
				AEF2931D276EE9D0001BAC7B /* mix */,
				AE77FEAB27705FB400F3AB7F /* mix_unit_tests */,
			);
		};
/* End PBXProject section */

/* Begin PBXResourcesBuildPhase section */
		AE77FEAA27705FB400F3AB7F /* Resources */ = {
			isa = PBXResourcesBuildPhase;
			buildActionMask = 2147483647;
			files = (
			);
			runOnlyForDeploymentPostprocessing = 0;
		};
/* End PBXResourcesBuildPhase section */

/* Begin PBXSourcesBuildPhase section */
		AE77FEA827705FB400F3AB7F /* Sources */ = {
			isa = PBXSourcesBuildPhase;
			buildActionMask = 2147483647;
			files = (
				AE77FEB92770F55600F3AB7F /* InputDevice.swift in Sources */,
				AE77FEB82770F55200F3AB7F /* mix.h in Sources */,
				AE77FEB72770F55000F3AB7F /* mix-Bridging-Header.h in Sources */,
				AE77FEB62770F53B00F3AB7F /* MIX.swift in Sources */,
				AE77FEB52770F50200F3AB7F /* mix.c in Sources */,
				AE77FEAF27705FB400F3AB7F /* mix_unit_tests.swift in Sources */,
			);
			runOnlyForDeploymentPostprocessing = 0;
		};
		AEF2931A276EE9D0001BAC7B /* Sources */ = {
			isa = PBXSourcesBuildPhase;
			buildActionMask = 2147483647;
			files = (
				AE77FEA627701C2B00F3AB7F /* InputDevice.swift in Sources */,
				AE77FEBE2770F90F00F3AB7F /* ClosedRange+Count.swift in Sources */,
				AEF29331276FAE3D001BAC7B /* mix.c in Sources */,
				AE1B56842772677A008654AE /* MIX+Instructions.swift in Sources */,
				AEF29329276EEA2F001BAC7B /* MIX.swift in Sources */,
				AEF29322276EE9D0001BAC7B /* main.swift in Sources */,
				AE77FEC02771416900F3AB7F /* MIX+Description.swift in Sources */,
			);
			runOnlyForDeploymentPostprocessing = 0;
		};
/* End PBXSourcesBuildPhase section */

/* Begin XCBuildConfiguration section */
		AE77FEB227705FB400F3AB7F /* Debug */ = {
			isa = XCBuildConfiguration;
			buildSettings = {
				CODE_SIGN_STYLE = Automatic;
				COMBINE_HIDPI_IMAGES = YES;
				DEVELOPMENT_TEAM = JDSTZ7K2MV;
				INFOPLIST_FILE = mix_unit_tests/Info.plist;
				LD_RUNPATH_SEARCH_PATHS = (
					"$(inherited)",
					"@executable_path/../Frameworks",
					"@loader_path/../Frameworks",
				);
				PRODUCT_BUNDLE_IDENTIFIER = "martin.mix-unit-tests";
				PRODUCT_NAME = "$(TARGET_NAME)";
				SWIFT_OBJC_BRIDGING_HEADER = "mix/mix-Bridging-Header.h";
				SWIFT_VERSION = 5.0;
			};
			name = Debug;
		};
		AE77FEB327705FB400F3AB7F /* Release */ = {
			isa = XCBuildConfiguration;
			buildSettings = {
				CODE_SIGN_STYLE = Automatic;
				COMBINE_HIDPI_IMAGES = YES;
				DEVELOPMENT_TEAM = JDSTZ7K2MV;
				INFOPLIST_FILE = mix_unit_tests/Info.plist;
				LD_RUNPATH_SEARCH_PATHS = (
					"$(inherited)",
					"@executable_path/../Frameworks",
					"@loader_path/../Frameworks",
				);
				PRODUCT_BUNDLE_IDENTIFIER = "martin.mix-unit-tests";
				PRODUCT_NAME = "$(TARGET_NAME)";
				SWIFT_OBJC_BRIDGING_HEADER = "mix/mix-Bridging-Header.h";
				SWIFT_VERSION = 5.0;
			};
			name = Release;
		};
		AEF29323276EE9D0001BAC7B /* Debug */ = {
			isa = XCBuildConfiguration;
			buildSettings = {
				ALWAYS_SEARCH_USER_PATHS = NO;
				CLANG_ANALYZER_NONNULL = YES;
				CLANG_ANALYZER_NUMBER_OBJECT_CONVERSION = YES_AGGRESSIVE;
				CLANG_CXX_LANGUAGE_STANDARD = "gnu++14";
				CLANG_CXX_LIBRARY = "libc++";
				CLANG_ENABLE_MODULES = YES;
				CLANG_ENABLE_OBJC_ARC = YES;
				CLANG_ENABLE_OBJC_WEAK = YES;
				CLANG_WARN_BLOCK_CAPTURE_AUTORELEASING = YES;
				CLANG_WARN_BOOL_CONVERSION = YES;
				CLANG_WARN_COMMA = YES;
				CLANG_WARN_CONSTANT_CONVERSION = YES;
				CLANG_WARN_DEPRECATED_OBJC_IMPLEMENTATIONS = YES;
				CLANG_WARN_DIRECT_OBJC_ISA_USAGE = YES_ERROR;
				CLANG_WARN_DOCUMENTATION_COMMENTS = YES;
				CLANG_WARN_EMPTY_BODY = YES;
				CLANG_WARN_ENUM_CONVERSION = YES;
				CLANG_WARN_INFINITE_RECURSION = YES;
				CLANG_WARN_INT_CONVERSION = YES;
				CLANG_WARN_NON_LITERAL_NULL_CONVERSION = YES;
				CLANG_WARN_OBJC_IMPLICIT_RETAIN_SELF = YES;
				CLANG_WARN_OBJC_LITERAL_CONVERSION = YES;
				CLANG_WARN_OBJC_ROOT_CLASS = YES_ERROR;
				CLANG_WARN_QUOTED_INCLUDE_IN_FRAMEWORK_HEADER = YES;
				CLANG_WARN_RANGE_LOOP_ANALYSIS = YES;
				CLANG_WARN_STRICT_PROTOTYPES = YES;
				CLANG_WARN_SUSPICIOUS_MOVE = YES;
				CLANG_WARN_UNGUARDED_AVAILABILITY = YES_AGGRESSIVE;
				CLANG_WARN_UNREACHABLE_CODE = YES;
				CLANG_WARN__DUPLICATE_METHOD_MATCH = YES;
				COPY_PHASE_STRIP = NO;
				DEBUG_INFORMATION_FORMAT = dwarf;
				ENABLE_STRICT_OBJC_MSGSEND = YES;
				ENABLE_TESTABILITY = YES;
				GCC_C_LANGUAGE_STANDARD = gnu11;
				GCC_DYNAMIC_NO_PIC = NO;
				GCC_NO_COMMON_BLOCKS = YES;
				GCC_OPTIMIZATION_LEVEL = 0;
				GCC_PREPROCESSOR_DEFINITIONS = (
					"DEBUG=1",
					"$(inherited)",
				);
				GCC_WARN_64_TO_32_BIT_CONVERSION = YES;
				GCC_WARN_ABOUT_RETURN_TYPE = YES_ERROR;
				GCC_WARN_UNDECLARED_SELECTOR = YES;
				GCC_WARN_UNINITIALIZED_AUTOS = YES_AGGRESSIVE;
				GCC_WARN_UNUSED_FUNCTION = YES;
				GCC_WARN_UNUSED_VARIABLE = YES;
				MACOSX_DEPLOYMENT_TARGET = 11.3;
				MTL_ENABLE_DEBUG_INFO = INCLUDE_SOURCE;
				MTL_FAST_MATH = YES;
				ONLY_ACTIVE_ARCH = YES;
				SDKROOT = macosx;
				SWIFT_ACTIVE_COMPILATION_CONDITIONS = DEBUG;
				SWIFT_OPTIMIZATION_LEVEL = "-Onone";
			};
			name = Debug;
		};
		AEF29324276EE9D0001BAC7B /* Release */ = {
			isa = XCBuildConfiguration;
			buildSettings = {
				ALWAYS_SEARCH_USER_PATHS = NO;
				CLANG_ANALYZER_NONNULL = YES;
				CLANG_ANALYZER_NUMBER_OBJECT_CONVERSION = YES_AGGRESSIVE;
				CLANG_CXX_LANGUAGE_STANDARD = "gnu++14";
				CLANG_CXX_LIBRARY = "libc++";
				CLANG_ENABLE_MODULES = YES;
				CLANG_ENABLE_OBJC_ARC = YES;
				CLANG_ENABLE_OBJC_WEAK = YES;
				CLANG_WARN_BLOCK_CAPTURE_AUTORELEASING = YES;
				CLANG_WARN_BOOL_CONVERSION = YES;
				CLANG_WARN_COMMA = YES;
				CLANG_WARN_CONSTANT_CONVERSION = YES;
				CLANG_WARN_DEPRECATED_OBJC_IMPLEMENTATIONS = YES;
				CLANG_WARN_DIRECT_OBJC_ISA_USAGE = YES_ERROR;
				CLANG_WARN_DOCUMENTATION_COMMENTS = YES;
				CLANG_WARN_EMPTY_BODY = YES;
				CLANG_WARN_ENUM_CONVERSION = YES;
				CLANG_WARN_INFINITE_RECURSION = YES;
				CLANG_WARN_INT_CONVERSION = YES;
				CLANG_WARN_NON_LITERAL_NULL_CONVERSION = YES;
				CLANG_WARN_OBJC_IMPLICIT_RETAIN_SELF = YES;
				CLANG_WARN_OBJC_LITERAL_CONVERSION = YES;
				CLANG_WARN_OBJC_ROOT_CLASS = YES_ERROR;
				CLANG_WARN_QUOTED_INCLUDE_IN_FRAMEWORK_HEADER = YES;
				CLANG_WARN_RANGE_LOOP_ANALYSIS = YES;
				CLANG_WARN_STRICT_PROTOTYPES = YES;
				CLANG_WARN_SUSPICIOUS_MOVE = YES;
				CLANG_WARN_UNGUARDED_AVAILABILITY = YES_AGGRESSIVE;
				CLANG_WARN_UNREACHABLE_CODE = YES;
				CLANG_WARN__DUPLICATE_METHOD_MATCH = YES;
				COPY_PHASE_STRIP = NO;
				DEBUG_INFORMATION_FORMAT = "dwarf-with-dsym";
				ENABLE_NS_ASSERTIONS = NO;
				ENABLE_STRICT_OBJC_MSGSEND = YES;
				GCC_C_LANGUAGE_STANDARD = gnu11;
				GCC_NO_COMMON_BLOCKS = YES;
				GCC_WARN_64_TO_32_BIT_CONVERSION = YES;
				GCC_WARN_ABOUT_RETURN_TYPE = YES_ERROR;
				GCC_WARN_UNDECLARED_SELECTOR = YES;
				GCC_WARN_UNINITIALIZED_AUTOS = YES_AGGRESSIVE;
				GCC_WARN_UNUSED_FUNCTION = YES;
				GCC_WARN_UNUSED_VARIABLE = YES;
				MACOSX_DEPLOYMENT_TARGET = 11.3;
				MTL_ENABLE_DEBUG_INFO = NO;
				MTL_FAST_MATH = YES;
				SDKROOT = macosx;
				SWIFT_COMPILATION_MODE = wholemodule;
				SWIFT_OPTIMIZATION_LEVEL = "-O";
			};
			name = Release;
		};
		AEF29326276EE9D0001BAC7B /* Debug */ = {
			isa = XCBuildConfiguration;
			buildSettings = {
				CLANG_ENABLE_MODULES = YES;
				CODE_SIGN_STYLE = Automatic;
				DEVELOPMENT_TEAM = JDSTZ7K2MV;
				ENABLE_HARDENED_RUNTIME = YES;
				FRAMEWORK_SEARCH_PATHS = "mix/MIX/**";
				LD_RUNPATH_SEARCH_PATHS = (
					"$(inherited)",
					"@executable_path/../Frameworks",
					"@loader_path/../Frameworks",
				);
				PRODUCT_NAME = "$(TARGET_NAME)";
				SWIFT_OBJC_BRIDGING_HEADER = "mix/mix-Bridging-Header.h";
				SWIFT_OPTIMIZATION_LEVEL = "-Onone";
				SWIFT_VERSION = 5.0;
			};
			name = Debug;
		};
		AEF29327276EE9D0001BAC7B /* Release */ = {
			isa = XCBuildConfiguration;
			buildSettings = {
				CLANG_ENABLE_MODULES = YES;
				CODE_SIGN_STYLE = Automatic;
				DEVELOPMENT_TEAM = JDSTZ7K2MV;
				ENABLE_HARDENED_RUNTIME = YES;
				FRAMEWORK_SEARCH_PATHS = "mix/MIX/**";
				LD_RUNPATH_SEARCH_PATHS = (
					"$(inherited)",
					"@executable_path/../Frameworks",
					"@loader_path/../Frameworks",
				);
				PRODUCT_NAME = "$(TARGET_NAME)";
				SWIFT_OBJC_BRIDGING_HEADER = "mix/mix-Bridging-Header.h";
				SWIFT_VERSION = 5.0;
			};
			name = Release;
		};
/* End XCBuildConfiguration section */

/* Begin XCConfigurationList section */
		AE77FEB127705FB400F3AB7F /* Build configuration list for PBXNativeTarget "mix_unit_tests" */ = {
			isa = XCConfigurationList;
			buildConfigurations = (
				AE77FEB227705FB400F3AB7F /* Debug */,
				AE77FEB327705FB400F3AB7F /* Release */,
			);
			defaultConfigurationIsVisible = 0;
			defaultConfigurationName = Release;
		};
		AEF29319276EE9D0001BAC7B /* Build configuration list for PBXProject "mix" */ = {
			isa = XCConfigurationList;
			buildConfigurations = (
				AEF29323276EE9D0001BAC7B /* Debug */,
				AEF29324276EE9D0001BAC7B /* Release */,
			);
			defaultConfigurationIsVisible = 0;
			defaultConfigurationName = Release;
		};
		AEF29325276EE9D0001BAC7B /* Build configuration list for PBXNativeTarget "mix" */ = {
			isa = XCConfigurationList;
			buildConfigurations = (
				AEF29326276EE9D0001BAC7B /* Debug */,
				AEF29327276EE9D0001BAC7B /* Release */,
			);
			defaultConfigurationIsVisible = 0;
			defaultConfigurationName = Release;
		};
/* End XCConfigurationList section */
	};
	rootObject = AEF29316276EE9D0001BAC7B /* Project object */;
}
